
Microsoft Visual Studio Solution File, Format Version 12.00
# Visual Studio 15
VisualStudioVersion = 15.0.27428.2027
MinimumVisualStudioVersion = 10.0.40219.1
Project("{9A19103F-16F7-4668-BE54-9A1E7A4F7556}") = "ErrorProne.NET.Structs", "ErrorProne.NET.Structs\ErrorProne.NET.Structs\ErrorProne.NET.Structs.csproj", "{BC1FDC25-3C4B-4F3D-B4C2-DA417CC30E17}"
EndProject
Project("{FAE04EC0-301F-11D3-BF4B-00C04F79EFBC}") = "ErrorProne.NET.Structs.Vsix", "ErrorProne.NET.Structs\ErrorProne.NET.Structs.Vsix\ErrorProne.NET.Structs.Vsix.csproj", "{8DB525D3-010C-4D6B-A85E-04B3FEC74AB1}"
EndProject
Project("{FAE04EC0-301F-11D3-BF4B-00C04F79EFBC}") = "RoslynNUnitTestRunner", "RoslynNUnitTestRunner\RoslynNUnitTestRunner.csproj", "{1B3267CD-E7F1-4F74-90E2-68646FC7C788}"
EndProject
Project("{FAE04EC0-301F-11D3-BF4B-00C04F79EFBC}") = "ErrorProne.NET.Structs.Tests", "ErrorProne.NET.Structs\ErrorProne.NET.Structs.Tests\ErrorProne.NET.Structs.Tests.csproj", "{E14D1AC3-7843-4629-8634-D0F74C994C43}"
EndProject
Global
	GlobalSection(SolutionConfigurationPlatforms) = preSolution
		Debug|Any CPU = Debug|Any CPU
		Release|Any CPU = Release|Any CPU
	EndGlobalSection
	GlobalSection(ProjectConfigurationPlatforms) = postSolution
		{BC1FDC25-3C4B-4F3D-B4C2-DA417CC30E17}.Debug|Any CPU.ActiveCfg = Debug|Any CPU
		{BC1FDC25-3C4B-4F3D-B4C2-DA417CC30E17}.Debug|Any CPU.Build.0 = Debug|Any CPU
		{BC1FDC25-3C4B-4F3D-B4C2-DA417CC30E17}.Release|Any CPU.ActiveCfg = Release|Any CPU
		{BC1FDC25-3C4B-4F3D-B4C2-DA417CC30E17}.Release|Any CPU.Build.0 = Release|Any CPU
		{8DB525D3-010C-4D6B-A85E-04B3FEC74AB1}.Debug|Any CPU.ActiveCfg = Debug|Any CPU
		{8DB525D3-010C-4D6B-A85E-04B3FEC74AB1}.Debug|Any CPU.Build.0 = Debug|Any CPU
		{8DB525D3-010C-4D6B-A85E-04B3FEC74AB1}.Release|Any CPU.ActiveCfg = Release|Any CPU
		{8DB525D3-010C-4D6B-A85E-04B3FEC74AB1}.Release|Any CPU.Build.0 = Release|Any CPU
		{1B3267CD-E7F1-4F74-90E2-68646FC7C788}.Debug|Any CPU.ActiveCfg = Debug|Any CPU
		{1B3267CD-E7F1-4F74-90E2-68646FC7C788}.Debug|Any CPU.Build.0 = Debug|Any CPU
		{1B3267CD-E7F1-4F74-90E2-68646FC7C788}.Release|Any CPU.ActiveCfg = Release|Any CPU
		{1B3267CD-E7F1-4F74-90E2-68646FC7C788}.Release|Any CPU.Build.0 = Release|Any CPU
		{E14D1AC3-7843-4629-8634-D0F74C994C43}.Debug|Any CPU.ActiveCfg = Debug|Any CPU
		{E14D1AC3-7843-4629-8634-D0F74C994C43}.Debug|Any CPU.Build.0 = Debug|Any CPU
		{E14D1AC3-7843-4629-8634-D0F74C994C43}.Release|Any CPU.ActiveCfg = Release|Any CPU
		{E14D1AC3-7843-4629-8634-D0F74C994C43}.Release|Any CPU.Build.0 = Release|Any CPU
	EndGlobalSection
	GlobalSection(SolutionProperties) = preSolution
		HideSolutionNode = FALSE
	EndGlobalSection
	GlobalSection(ExtensibilityGlobals) = postSolution
		SolutionGuid = {8308207A-2013-4C50-B5FC-5682D6B84DAC}
	EndGlobalSection
EndGlobal
