
Microsoft Visual Studio Solution File, Format Version 12.00
# Visual Studio 15
VisualStudioVersion = 15.0.27428.2027
MinimumVisualStudioVersion = 10.0.40219.1
Project("{9A19103F-16F7-4668-BE54-9A1E7A4F7556}") = "ErrorProne.NET.StructAnalyzers", "ErrorProne.NET.StructAnalyzers\ErrorProne.NET.StructAnalyzers.csproj", "{BC1FDC25-3C4B-4F3D-B4C2-DA417CC30E17}"
EndProject
Project("{9A19103F-16F7-4668-BE54-9A1E7A4F7556}") = "RoslynNUnitTestRunner", "RoslynNUnitTestRunner\RoslynNUnitTestRunner.csproj", "{1B3267CD-E7F1-4F74-90E2-68646FC7C788}"
EndProject
Project("{9A19103F-16F7-4668-BE54-9A1E7A4F7556}") = "ErrorProne.NET.Cli", "ErrorProne.NET.Cli\ErrorProne.NET.Cli.csproj", "{E3483DC2-BC86-4716-A997-25215DB609AC}"
EndProject
Project("{9A19103F-16F7-4668-BE54-9A1E7A4F7556}") = "ErrorProne.NET.Core", "ErrorProne.NET.Core\ErrorProne.NET.Core.csproj", "{3BEDEFBF-D75E-4FCE-A20C-727F3AF127B0}"
EndProject
Project("{9A19103F-16F7-4668-BE54-9A1E7A4F7556}") = "ErrorProne.NET.CoreAnalyzers", "ErrorProne.NET.CoreAnalyzers\ErrorProne.NET.CoreAnalyzers.csproj", "{3DAE1AEB-C520-4EEB-8E3D-D9C548F02A1B}"
EndProject
Project("{9A19103F-16F7-4668-BE54-9A1E7A4F7556}") = "ErrorProne.NET.CoreAnalyzers.Tests", "ErrorProne.NET.CoreAnalyzers.Tests\ErrorProne.NET.CoreAnalyzers.Tests.csproj", "{27102FB5-EB0F-4466-8113-A11CC9B640ED}"
EndProject
Project("{9A19103F-16F7-4668-BE54-9A1E7A4F7556}") = "ErrorProne.NET.StructAnalyzers.Tests", "ErrorProne.NET.StructAnalyzers.Tests\ErrorProne.NET.StructAnalyzers.Tests.csproj", "{4BBFAA2E-0FD9-4472-AD71-79096F417D7B}"
EndProject
Project("{9A19103F-16F7-4668-BE54-9A1E7A4F7556}") = "ErrorProne.NET.Vsix", "ErrorProne.NET.Vsix\ErrorProne.NET.Vsix.csproj", "{8DB525D3-010C-4D6B-A85E-04B3FEC74AB1}"
EndProject
Project("{9A19103F-16F7-4668-BE54-9A1E7A4F7556}") = "ErrorProne.NET.CoreAnalyzers.CodeFixes", "ErrorProne.NET.CoreAnalyzers.CodeFixes\ErrorProne.NET.CoreAnalyzers.CodeFixes.csproj", "{1E47DB73-DAF6-4EB6-B3F2-966FDF8E7179}"
EndProject
Project("{9A19103F-16F7-4668-BE54-9A1E7A4F7556}") = "ErrorProne.NET.StructAnalyzers.CodeFixes", "ErrorProne.NET.StructAnalyzers.CodeFixes\ErrorProne.NET.StructAnalyzers.CodeFixes.csproj", "{512492B2-61F5-4CEC-901A-908688D3B49F}"
EndProject
Global
	GlobalSection(SolutionConfigurationPlatforms) = preSolution
		Debug|Any CPU = Debug|Any CPU
		Release|Any CPU = Release|Any CPU
	EndGlobalSection
	GlobalSection(ProjectConfigurationPlatforms) = postSolution
		{BC1FDC25-3C4B-4F3D-B4C2-DA417CC30E17}.Debug|Any CPU.ActiveCfg = Debug|Any CPU
		{BC1FDC25-3C4B-4F3D-B4C2-DA417CC30E17}.Debug|Any CPU.Build.0 = Debug|Any CPU
		{BC1FDC25-3C4B-4F3D-B4C2-DA417CC30E17}.Release|Any CPU.ActiveCfg = Release|Any CPU
		{BC1FDC25-3C4B-4F3D-B4C2-DA417CC30E17}.Release|Any CPU.Build.0 = Release|Any CPU
		{1B3267CD-E7F1-4F74-90E2-68646FC7C788}.Debug|Any CPU.ActiveCfg = Debug|Any CPU
		{1B3267CD-E7F1-4F74-90E2-68646FC7C788}.Debug|Any CPU.Build.0 = Debug|Any CPU
		{1B3267CD-E7F1-4F74-90E2-68646FC7C788}.Release|Any CPU.ActiveCfg = Release|Any CPU
		{1B3267CD-E7F1-4F74-90E2-68646FC7C788}.Release|Any CPU.Build.0 = Release|Any CPU
		{E3483DC2-BC86-4716-A997-25215DB609AC}.Debug|Any CPU.ActiveCfg = Debug|Any CPU
		{E3483DC2-BC86-4716-A997-25215DB609AC}.Debug|Any CPU.Build.0 = Debug|Any CPU
		{E3483DC2-BC86-4716-A997-25215DB609AC}.Release|Any CPU.ActiveCfg = Release|Any CPU
		{E3483DC2-BC86-4716-A997-25215DB609AC}.Release|Any CPU.Build.0 = Release|Any CPU
		{3BEDEFBF-D75E-4FCE-A20C-727F3AF127B0}.Debug|Any CPU.ActiveCfg = Debug|Any CPU
		{3BEDEFBF-D75E-4FCE-A20C-727F3AF127B0}.Debug|Any CPU.Build.0 = Debug|Any CPU
		{3BEDEFBF-D75E-4FCE-A20C-727F3AF127B0}.Release|Any CPU.ActiveCfg = Release|Any CPU
		{3BEDEFBF-D75E-4FCE-A20C-727F3AF127B0}.Release|Any CPU.Build.0 = Release|Any CPU
		{3DAE1AEB-C520-4EEB-8E3D-D9C548F02A1B}.Debug|Any CPU.ActiveCfg = Debug|Any CPU
		{3DAE1AEB-C520-4EEB-8E3D-D9C548F02A1B}.Debug|Any CPU.Build.0 = Debug|Any CPU
		{3DAE1AEB-C520-4EEB-8E3D-D9C548F02A1B}.Release|Any CPU.ActiveCfg = Release|Any CPU
		{3DAE1AEB-C520-4EEB-8E3D-D9C548F02A1B}.Release|Any CPU.Build.0 = Release|Any CPU
		{27102FB5-EB0F-4466-8113-A11CC9B640ED}.Debug|Any CPU.ActiveCfg = Debug|Any CPU
		{27102FB5-EB0F-4466-8113-A11CC9B640ED}.Debug|Any CPU.Build.0 = Debug|Any CPU
		{27102FB5-EB0F-4466-8113-A11CC9B640ED}.Release|Any CPU.ActiveCfg = Release|Any CPU
		{27102FB5-EB0F-4466-8113-A11CC9B640ED}.Release|Any CPU.Build.0 = Release|Any CPU
		{4BBFAA2E-0FD9-4472-AD71-79096F417D7B}.Debug|Any CPU.ActiveCfg = Debug|Any CPU
		{4BBFAA2E-0FD9-4472-AD71-79096F417D7B}.Debug|Any CPU.Build.0 = Debug|Any CPU
		{4BBFAA2E-0FD9-4472-AD71-79096F417D7B}.Release|Any CPU.ActiveCfg = Release|Any CPU
		{4BBFAA2E-0FD9-4472-AD71-79096F417D7B}.Release|Any CPU.Build.0 = Release|Any CPU
		{8DB525D3-010C-4D6B-A85E-04B3FEC74AB1}.Debug|Any CPU.ActiveCfg = Debug|Any CPU
		{8DB525D3-010C-4D6B-A85E-04B3FEC74AB1}.Debug|Any CPU.Build.0 = Debug|Any CPU
		{8DB525D3-010C-4D6B-A85E-04B3FEC74AB1}.Release|Any CPU.ActiveCfg = Release|Any CPU
		{8DB525D3-010C-4D6B-A85E-04B3FEC74AB1}.Release|Any CPU.Build.0 = Release|Any CPU
		{1E47DB73-DAF6-4EB6-B3F2-966FDF8E7179}.Debug|Any CPU.ActiveCfg = Debug|Any CPU
		{1E47DB73-DAF6-4EB6-B3F2-966FDF8E7179}.Debug|Any CPU.Build.0 = Debug|Any CPU
		{1E47DB73-DAF6-4EB6-B3F2-966FDF8E7179}.Release|Any CPU.ActiveCfg = Release|Any CPU
		{1E47DB73-DAF6-4EB6-B3F2-966FDF8E7179}.Release|Any CPU.Build.0 = Release|Any CPU
		{512492B2-61F5-4CEC-901A-908688D3B49F}.Debug|Any CPU.ActiveCfg = Debug|Any CPU
		{512492B2-61F5-4CEC-901A-908688D3B49F}.Debug|Any CPU.Build.0 = Debug|Any CPU
		{512492B2-61F5-4CEC-901A-908688D3B49F}.Release|Any CPU.ActiveCfg = Release|Any CPU
		{512492B2-61F5-4CEC-901A-908688D3B49F}.Release|Any CPU.Build.0 = Release|Any CPU
	EndGlobalSection
	GlobalSection(SolutionProperties) = preSolution
		HideSolutionNode = FALSE
	EndGlobalSection
	GlobalSection(ExtensibilityGlobals) = postSolution
		SolutionGuid = {8308207A-2013-4C50-B5FC-5682D6B84DAC}
	EndGlobalSection
EndGlobal
